{
    "hash": "8e8be3affc41d89f90da3871a9dd12f0",
    "packages": [
        {
            "package": "doctrine/common",
            "version": "2.2.2"
        },
        {
            "package": "doctrine/dbal",
            "version": "2.2.x-dev",
            "source-reference": "79f59d1f6d0ad55aed7ebc2f2f30f5ee1dcb37a4"
        },
        {
            "package": "fate/silex-extensions",
            "version": "dev-master",
            "source-reference": "28cb98b52656f58f43264bd3d168f4875c76af81"
        },
        {
            "package": "monolog/monolog",
            "version": "dev-master",
            "source-reference": "a406763e71c74cc2cc134051a09a3f60b7593b02"
        },
        {
            "package": "pimple/pimple",
            "version": "dev-master",
            "source-reference": "2c7b104e6a5ca9207bd713892979882f1d310abc"
        },
        {
            "package": "silex/silex",
            "version": "dev-master",
            "source-reference": "25abd1a8e9042143716232b8c7f6e545545c830b"
        },
        {
            "package": "symfony/browser-kit",
            "version": "dev-master",
            "source-reference": "b0a5450cddde2bbf9c98681c2808aa5d0b1092b8",
            "alias": "2.1.9999999.9999999-dev"
        },
        {
            "package": "symfony/class-loader",
            "version": "dev-master",
            "source-reference": "804677e1019e57444e2f6e5dc2a5c3eeb3efe9d7",
            "alias": "2.1.9999999.9999999-dev"
        },
        {
            "package": "symfony/config",
            "version": "dev-master",
            "source-reference": "b4efa67b4c04ddb03b0d0afbf81e057db968f987",
            "alias": "2.1.9999999.9999999-dev"
        },
        {
            "package": "symfony/css-selector",
            "version": "dev-master",
            "source-reference": "1e2348d6e8cc6e3acd94b8477321eb35224fe760",
            "alias": "2.1.9999999.9999999-dev"
        },
        {
            "package": "symfony/dom-crawler",
            "version": "dev-master",
            "source-reference": "cf5e632961340004f4039897c4993cfae37e8723",
            "alias": "2.1.9999999.9999999-dev"
        },
        {
            "package": "symfony/event-dispatcher",
            "version": "dev-master",
            "source-reference": "a032eb1b74c9e5f939ce5fe9a5a7d53e6d1a9bee",
            "alias": "2.1.9999999.9999999-dev"
        },
        {
            "package": "symfony/finder",
            "version": "dev-master",
            "source-reference": "579244c1b21808bc6f9fe2284bf76cb0dc3f7334",
            "alias": "2.1.9999999.9999999-dev"
        },
        {
            "package": "symfony/form",
            "version": "dev-master",
            "source-reference": "cee08b4477168aef9e5117aefdd73ada7b00b361",
            "alias": "2.1.9999999.9999999-dev"
        },
        {
            "package": "symfony/http-foundation",
            "version": "dev-master",
            "source-reference": "986f059fe4e11d025da39565589468d11af8712a",
            "alias": "2.1.9999999.9999999-dev"
        },
        {
            "package": "symfony/http-kernel",
            "version": "dev-master",
            "source-reference": "13ce899fa4d0591c58093a6b2723445dcf078cdd",
            "alias": "2.1.9999999.9999999-dev"
        },
        {
            "package": "symfony/locale",
            "version": "dev-master",
            "source-reference": "464b0e1bb6ff0212505d4f127624b63e9c61f7e3",
            "alias": "2.1.9999999.9999999-dev"
        },
        {
            "package": "symfony/process",
            "version": "dev-master",
            "source-reference": "7a92d8a8c6d3e91fb3c70c9449962547b6fdeed1",
            "alias": "2.1.9999999.9999999-dev"
        },
        {
            "package": "symfony/routing",
            "version": "dev-master",
            "source-reference": "fd475d81367d5ff261e47b264f372682da2fb0bb",
            "alias": "2.1.9999999.9999999-dev"
        },
        {
            "package": "symfony/translation",
            "version": "dev-master",
            "source-reference": "c04d75a94c88bd32ac6cabd1aec7afdc10be88b5",
            "alias": "2.1.9999999.9999999-dev"
        },
        {
            "package": "symfony/twig-bridge",
            "version": "dev-master",
            "source-reference": "4d857d8a7a8dd7f7bc8c5564a3a6ef4d2f0a2991",
            "alias": "2.1.9999999.9999999-dev"
        },
        {
            "package": "symfony/validator",
            "version": "dev-master",
            "source-reference": "704f655d060b14475d7bd2a0b6d653c70f88218a",
            "alias": "2.1.9999999.9999999-dev"
        },
        {
            "package": "symfony/yaml",
            "version": "dev-master",
            "source-reference": "e39a6a7e8a429446787d388b677778a80bbe185f",
            "alias": "2.1.9999999.9999999-dev"
        },
        {
            "package": "twig/twig",
            "version": "1.6.2"
        }
    ],
    "packages-dev": null,
    "aliases": [

    ]
}
